
Microsoft Visual Studio Solution File, Format Version 12.00
# Visual Studio Version 16
VisualStudioVersion = 16.0.29519.181
MinimumVisualStudioVersion = 10.0.40219.1
Project("{8BC9CEB8-8B4A-11D0-8D11-00A0C91BC942}") = "client", "client\client.vcxproj", "{5E635A5F-6FC3-4949-99B1-65518ABBE859}"
	ProjectSection(ProjectDependencies) = postProject
		{956AE877-BFC4-481D-A8C3-3B0E8819E383} = {956AE877-BFC4-481D-A8C3-3B0E8819E383}
	EndProjectSection
EndProject
Project("{8BC9CEB8-8B4A-11D0-8D11-00A0C91BC942}") = "engine", "engine\engine.vcxproj", "{956AE877-BFC4-481D-A8C3-3B0E8819E383}"
EndProject
Global
	GlobalSection(SolutionConfigurationPlatforms) = preSolution
		Debug|x64 = Debug|x64
		Release|x64 = Release|x64
	EndGlobalSection
	GlobalSection(ProjectConfigurationPlatforms) = postSolution
		{5E635A5F-6FC3-4949-99B1-65518ABBE859}.Debug|x64.ActiveCfg = Debug|x64
		{5E635A5F-6FC3-4949-99B1-65518ABBE859}.Debug|x64.Build.0 = Debug|x64
		{5E635A5F-6FC3-4949-99B1-65518ABBE859}.Release|x64.ActiveCfg = Release|x64
		{5E635A5F-6FC3-4949-99B1-65518ABBE859}.Release|x64.Build.0 = Release|x64
		{956AE877-BFC4-481D-A8C3-3B0E8819E383}.Debug|x64.ActiveCfg = Debug|x64
		{956AE877-BFC4-481D-A8C3-3B0E8819E383}.Debug|x64.Build.0 = Debug|x64
		{956AE877-BFC4-481D-A8C3-3B0E8819E383}.Release|x64.ActiveCfg = Release|x64
		{956AE877-BFC4-481D-A8C3-3B0E8819E383}.Release|x64.Build.0 = Release|x64
	EndGlobalSection
	GlobalSection(SolutionProperties) = preSolution
		HideSolutionNode = FALSE
	EndGlobalSection
	GlobalSection(ExtensibilityGlobals) = postSolution
		SolutionGuid = {C5BC3507-804A-405B-8919-2F47F064DB4B}
	EndGlobalSection
EndGlobal
